
Microsoft Visual Studio Solution File, Format Version 12.00
# Visual Studio Version 16
VisualStudioVersion = 16.0.30523.141
MinimumVisualStudioVersion = 10.0.40219.1
Project("{FAE04EC0-301F-11D3-BF4B-00C04F79EFBC}") = "PrawnSolar", "PrawnSolar\PrawnSolar.csproj", "{F24AA19B-ADD1-4067-8D28-544883D26FE3}"
EndProject
Project("{2150E333-8FDC-42A3-9474-1A3956D46DE8}") = "Solution Items", "Solution Items", "{E9A3726A-85BF-44AC-9EEA-6DB64D381C56}"
	ProjectSection(SolutionItems) = preProject
		.gitignore = .gitignore
		README.md = README.md
	EndProjectSection
EndProject
Project("{FAE04EC0-301F-11D3-BF4B-00C04F79EFBC}") = "SwimChargeInventory", "SwimChargeInventory\SwimChargeInventory.csproj", "{E1EAFB92-F84C-4967-9343-8123A6E79565}"
EndProject
Global
	GlobalSection(SolutionConfigurationPlatforms) = preSolution
		Debug|Any CPU = Debug|Any CPU
		Release|Any CPU = Release|Any CPU
	EndGlobalSection
	GlobalSection(ProjectConfigurationPlatforms) = postSolution
		{F24AA19B-ADD1-4067-8D28-544883D26FE3}.Debug|Any CPU.ActiveCfg = Debug|Any CPU
		{F24AA19B-ADD1-4067-8D28-544883D26FE3}.Debug|Any CPU.Build.0 = Debug|Any CPU
		{F24AA19B-ADD1-4067-8D28-544883D26FE3}.Release|Any CPU.ActiveCfg = Release|Any CPU
		{F24AA19B-ADD1-4067-8D28-544883D26FE3}.Release|Any CPU.Build.0 = Release|Any CPU
		{E1EAFB92-F84C-4967-9343-8123A6E79565}.Debug|Any CPU.ActiveCfg = Debug|Any CPU
		{E1EAFB92-F84C-4967-9343-8123A6E79565}.Debug|Any CPU.Build.0 = Debug|Any CPU
		{E1EAFB92-F84C-4967-9343-8123A6E79565}.Release|Any CPU.ActiveCfg = Release|Any CPU
		{E1EAFB92-F84C-4967-9343-8123A6E79565}.Release|Any CPU.Build.0 = Release|Any CPU
	EndGlobalSection
	GlobalSection(SolutionProperties) = preSolution
		HideSolutionNode = FALSE
	EndGlobalSection
	GlobalSection(ExtensibilityGlobals) = postSolution
		SolutionGuid = {CA1E2990-B5E3-4C28-9322-7764B64B2A81}
	EndGlobalSection
EndGlobal
